// !$*UTF8*$!
{
	archiveVersion = 1;
	classes = {
	};
	objectVersion = 55;
	objects = {

/* Begin PBXBuildFile section */
		0A38F804286429300033634B /* Tests_iOS.swift in Sources */ = {isa = PBXBuildFile; fileRef = 0A38F803286429300033634B /* Tests_iOS.swift */; };
		0A38F806286429300033634B /* Tests_iOSLaunchTests.swift in Sources */ = {isa = PBXBuildFile; fileRef = 0A38F805286429300033634B /* Tests_iOSLaunchTests.swift */; };
		0A38F810286429300033634B /* Tests_macOS.swift in Sources */ = {isa = PBXBuildFile; fileRef = 0A38F80F286429300033634B /* Tests_macOS.swift */; };
		0A38F812286429300033634B /* Tests_macOSLaunchTests.swift in Sources */ = {isa = PBXBuildFile; fileRef = 0A38F811286429300033634B /* Tests_macOSLaunchTests.swift */; };
		0A38F813286429300033634B /* BingoNGApp.swift in Sources */ = {isa = PBXBuildFile; fileRef = 0A38F7EB2864292C0033634B /* BingoNGApp.swift */; };
		0A38F814286429300033634B /* BingoNGApp.swift in Sources */ = {isa = PBXBuildFile; fileRef = 0A38F7EB2864292C0033634B /* BingoNGApp.swift */; };
		0A38F815286429300033634B /* ContentView.swift in Sources */ = {isa = PBXBuildFile; fileRef = 0A38F7EC2864292C0033634B /* ContentView.swift */; };
		0A38F816286429300033634B /* ContentView.swift in Sources */ = {isa = PBXBuildFile; fileRef = 0A38F7EC2864292C0033634B /* ContentView.swift */; };
		0A38F817286429300033634B /* Assets.xcassets in Resources */ = {isa = PBXBuildFile; fileRef = 0A38F7ED2864292F0033634B /* Assets.xcassets */; };
		0A38F818286429300033634B /* Assets.xcassets in Resources */ = {isa = PBXBuildFile; fileRef = 0A38F7ED2864292F0033634B /* Assets.xcassets */; };
/* End PBXBuildFile section */

/* Begin PBXContainerItemProxy section */
		0A38F800286429300033634B /* PBXContainerItemProxy */ = {
			isa = PBXContainerItemProxy;
			containerPortal = 0A38F7E62864292B0033634B /* Project object */;
			proxyType = 1;
			remoteGlobalIDString = 0A38F7F12864292F0033634B;
			remoteInfo = "BingoNG (iOS)";
		};
		0A38F80C286429300033634B /* PBXContainerItemProxy */ = {
			isa = PBXContainerItemProxy;
			containerPortal = 0A38F7E62864292B0033634B /* Project object */;
			proxyType = 1;
			remoteGlobalIDString = 0A38F7F7286429300033634B;
			remoteInfo = "BingoNG (macOS)";
		};
/* End PBXContainerItemProxy section */

/* Begin PBXFileReference section */
		0A38F7EB2864292C0033634B /* BingoNGApp.swift */ = {isa = PBXFileReference; lastKnownFileType = sourcecode.swift; path = BingoNGApp.swift; sourceTree = "<group>"; };
		0A38F7EC2864292C0033634B /* ContentView.swift */ = {isa = PBXFileReference; lastKnownFileType = sourcecode.swift; path = ContentView.swift; sourceTree = "<group>"; };
		0A38F7ED2864292F0033634B /* Assets.xcassets */ = {isa = PBXFileReference; lastKnownFileType = folder.assetcatalog; path = Assets.xcassets; sourceTree = "<group>"; };
		0A38F7F22864292F0033634B /* BingoNG.app */ = {isa = PBXFileReference; explicitFileType = wrapper.application; includeInIndex = 0; path = BingoNG.app; sourceTree = BUILT_PRODUCTS_DIR; };
		0A38F7F8286429300033634B /* BingoNG.app */ = {isa = PBXFileReference; explicitFileType = wrapper.application; includeInIndex = 0; path = BingoNG.app; sourceTree = BUILT_PRODUCTS_DIR; };
		0A38F7FA286429300033634B /* macOS.entitlements */ = {isa = PBXFileReference; lastKnownFileType = text.plist.entitlements; path = macOS.entitlements; sourceTree = "<group>"; };
		0A38F7FF286429300033634B /* Tests iOS.xctest */ = {isa = PBXFileReference; explicitFileType = wrapper.cfbundle; includeInIndex = 0; path = "Tests iOS.xctest"; sourceTree = BUILT_PRODUCTS_DIR; };
		0A38F803286429300033634B /* Tests_iOS.swift */ = {isa = PBXFileReference; lastKnownFileType = sourcecode.swift; path = Tests_iOS.swift; sourceTree = "<group>"; };
		0A38F805286429300033634B /* Tests_iOSLaunchTests.swift */ = {isa = PBXFileReference; lastKnownFileType = sourcecode.swift; path = Tests_iOSLaunchTests.swift; sourceTree = "<group>"; };
		0A38F80B286429300033634B /* Tests macOS.xctest */ = {isa = PBXFileReference; explicitFileType = wrapper.cfbundle; includeInIndex = 0; path = "Tests macOS.xctest"; sourceTree = BUILT_PRODUCTS_DIR; };
		0A38F80F286429300033634B /* Tests_macOS.swift */ = {isa = PBXFileReference; lastKnownFileType = sourcecode.swift; path = Tests_macOS.swift; sourceTree = "<group>"; };
		0A38F811286429300033634B /* Tests_macOSLaunchTests.swift */ = {isa = PBXFileReference; lastKnownFileType = sourcecode.swift; path = Tests_macOSLaunchTests.swift; sourceTree = "<group>"; };
/* End PBXFileReference section */

/* Begin PBXFrameworksBuildPhase section */
		0A38F7EF2864292F0033634B /* Frameworks */ = {
			isa = PBXFrameworksBuildPhase;
			buildActionMask = 2147483647;
			files = (
			);
			runOnlyForDeploymentPostprocessing = 0;
		};
		0A38F7F5286429300033634B /* Frameworks */ = {
			isa = PBXFrameworksBuildPhase;
			buildActionMask = 2147483647;
			files = (
			);
			runOnlyForDeploymentPostprocessing = 0;
		};
		0A38F7FC286429300033634B /* Frameworks */ = {
			isa = PBXFrameworksBuildPhase;
			buildActionMask = 2147483647;
			files = (
			);
			runOnlyForDeploymentPostprocessing = 0;
		};
		0A38F808286429300033634B /* Frameworks */ = {
			isa = PBXFrameworksBuildPhase;
			buildActionMask = 2147483647;
			files = (
			);
			runOnlyForDeploymentPostprocessing = 0;
		};
/* End PBXFrameworksBuildPhase section */

/* Begin PBXGroup section */
		0A38F7E52864292B0033634B = {
			isa = PBXGroup;
			children = (
				0A38F7EA2864292C0033634B /* Shared */,
				0A38F7F9286429300033634B /* macOS */,
				0A38F802286429300033634B /* Tests iOS */,
				0A38F80E286429300033634B /* Tests macOS */,
				0A38F7F32864292F0033634B /* Products */,
			);
			sourceTree = "<group>";
		};
		0A38F7EA2864292C0033634B /* Shared */ = {
			isa = PBXGroup;
			children = (
				0A38F7EB2864292C0033634B /* BingoNGApp.swift */,
				0A38F7EC2864292C0033634B /* ContentView.swift */,
				0A38F7ED2864292F0033634B /* Assets.xcassets */,
			);
			path = Shared;
			sourceTree = "<group>";
		};
		0A38F7F32864292F0033634B /* Products */ = {
			isa = PBXGroup;
			children = (
				0A38F7F22864292F0033634B /* BingoNG.app */,
				0A38F7F8286429300033634B /* BingoNG.app */,
				0A38F7FF286429300033634B /* Tests iOS.xctest */,
				0A38F80B286429300033634B /* Tests macOS.xctest */,
			);
			name = Products;
			sourceTree = "<group>";
		};
		0A38F7F9286429300033634B /* macOS */ = {
			isa = PBXGroup;
			children = (
				0A38F7FA286429300033634B /* macOS.entitlements */,
			);
			path = macOS;
			sourceTree = "<group>";
		};
		0A38F802286429300033634B /* Tests iOS */ = {
			isa = PBXGroup;
			children = (
				0A38F803286429300033634B /* Tests_iOS.swift */,
				0A38F805286429300033634B /* Tests_iOSLaunchTests.swift */,
			);
			path = "Tests iOS";
			sourceTree = "<group>";
		};
		0A38F80E286429300033634B /* Tests macOS */ = {
			isa = PBXGroup;
			children = (
				0A38F80F286429300033634B /* Tests_macOS.swift */,
				0A38F811286429300033634B /* Tests_macOSLaunchTests.swift */,
			);
			path = "Tests macOS";
			sourceTree = "<group>";
		};
/* End PBXGroup section */

/* Begin PBXNativeTarget section */
		0A38F7F12864292F0033634B /* BingoNG (iOS) */ = {
			isa = PBXNativeTarget;
			buildConfigurationList = 0A38F81B286429300033634B /* Build configuration list for PBXNativeTarget "BingoNG (iOS)" */;
			buildPhases = (
				0A38F7EE2864292F0033634B /* Sources */,
				0A38F7EF2864292F0033634B /* Frameworks */,
				0A38F7F02864292F0033634B /* Resources */,
			);
			buildRules = (
			);
			dependencies = (
			);
			name = "BingoNG (iOS)";
			productName = "BingoNG (iOS)";
			productReference = 0A38F7F22864292F0033634B /* BingoNG.app */;
			productType = "com.apple.product-type.application";
		};
		0A38F7F7286429300033634B /* BingoNG (macOS) */ = {
			isa = PBXNativeTarget;
			buildConfigurationList = 0A38F81E286429300033634B /* Build configuration list for PBXNativeTarget "BingoNG (macOS)" */;
			buildPhases = (
				0A38F7F4286429300033634B /* Sources */,
				0A38F7F5286429300033634B /* Frameworks */,
				0A38F7F6286429300033634B /* Resources */,
			);
			buildRules = (
			);
			dependencies = (
			);
			name = "BingoNG (macOS)";
			productName = "BingoNG (macOS)";
			productReference = 0A38F7F8286429300033634B /* BingoNG.app */;
			productType = "com.apple.product-type.application";
		};
		0A38F7FE286429300033634B /* Tests iOS */ = {
			isa = PBXNativeTarget;
			buildConfigurationList = 0A38F821286429300033634B /* Build configuration list for PBXNativeTarget "Tests iOS" */;
			buildPhases = (
				0A38F7FB286429300033634B /* Sources */,
				0A38F7FC286429300033634B /* Frameworks */,
				0A38F7FD286429300033634B /* Resources */,
			);
			buildRules = (
			);
			dependencies = (
				0A38F801286429300033634B /* PBXTargetDependency */,
			);
			name = "Tests iOS";
			productName = "Tests iOS";
			productReference = 0A38F7FF286429300033634B /* Tests iOS.xctest */;
			productType = "com.apple.product-type.bundle.ui-testing";
		};
		0A38F80A286429300033634B /* Tests macOS */ = {
			isa = PBXNativeTarget;
			buildConfigurationList = 0A38F824286429300033634B /* Build configuration list for PBXNativeTarget "Tests macOS" */;
			buildPhases = (
				0A38F807286429300033634B /* Sources */,
				0A38F808286429300033634B /* Frameworks */,
				0A38F809286429300033634B /* Resources */,
			);
			buildRules = (
			);
			dependencies = (
				0A38F80D286429300033634B /* PBXTargetDependency */,
			);
			name = "Tests macOS";
			productName = "Tests macOS";
			productReference = 0A38F80B286429300033634B /* Tests macOS.xctest */;
			productType = "com.apple.product-type.bundle.ui-testing";
		};
/* End PBXNativeTarget section */

/* Begin PBXProject section */
		0A38F7E62864292B0033634B /* Project object */ = {
			isa = PBXProject;
			attributes = {
				BuildIndependentTargetsInParallel = 1;
				LastSwiftUpdateCheck = 1340;
				LastUpgradeCheck = 1340;
				TargetAttributes = {
					0A38F7F12864292F0033634B = {
						CreatedOnToolsVersion = 13.4;
					};
					0A38F7F7286429300033634B = {
						CreatedOnToolsVersion = 13.4;
					};
					0A38F7FE286429300033634B = {
						CreatedOnToolsVersion = 13.4;
						TestTargetID = 0A38F7F12864292F0033634B;
					};
					0A38F80A286429300033634B = {
						CreatedOnToolsVersion = 13.4;
						TestTargetID = 0A38F7F7286429300033634B;
					};
				};
			};
			buildConfigurationList = 0A38F7E92864292B0033634B /* Build configuration list for PBXProject "BingoNG" */;
			compatibilityVersion = "Xcode 13.0";
			developmentRegion = en;
			hasScannedForEncodings = 0;
			knownRegions = (
				en,
				Base,
			);
			mainGroup = 0A38F7E52864292B0033634B;
			productRefGroup = 0A38F7F32864292F0033634B /* Products */;
			projectDirPath = "";
			projectRoot = "";
			targets = (
				0A38F7F12864292F0033634B /* BingoNG (iOS) */,
				0A38F7F7286429300033634B /* BingoNG (macOS) */,
				0A38F7FE286429300033634B /* Tests iOS */,
				0A38F80A286429300033634B /* Tests macOS */,
			);
		};
/* End PBXProject section */

/* Begin PBXResourcesBuildPhase section */
		0A38F7F02864292F0033634B /* Resources */ = {
			isa = PBXResourcesBuildPhase;
			buildActionMask = 2147483647;
			files = (
				0A38F817286429300033634B /* Assets.xcassets in Resources */,
			);
			runOnlyForDeploymentPostprocessing = 0;
		};
		0A38F7F6286429300033634B /* Resources */ = {
			isa = PBXResourcesBuildPhase;
			buildActionMask = 2147483647;
			files = (
				0A38F818286429300033634B /* Assets.xcassets in Resources */,
			);
			runOnlyForDeploymentPostprocessing = 0;
		};
		0A38F7FD286429300033634B /* Resources */ = {
			isa = PBXResourcesBuildPhase;
			buildActionMask = 2147483647;
			files = (
			);
			runOnlyForDeploymentPostprocessing = 0;
		};
		0A38F809286429300033634B /* Resources */ = {
			isa = PBXResourcesBuildPhase;
			buildActionMask = 2147483647;
			files = (
			);
			runOnlyForDeploymentPostprocessing = 0;
		};
/* End PBXResourcesBuildPhase section */

/* Begin PBXSourcesBuildPhase section */
		0A38F7EE2864292F0033634B /* Sources */ = {
			isa = PBXSourcesBuildPhase;
			buildActionMask = 2147483647;
			files = (
				0A38F815286429300033634B /* ContentView.swift in Sources */,
				0A38F813286429300033634B /* BingoNGApp.swift in Sources */,
			);
			runOnlyForDeploymentPostprocessing = 0;
		};
		0A38F7F4286429300033634B /* Sources */ = {
			isa = PBXSourcesBuildPhase;
			buildActionMask = 2147483647;
			files = (
				0A38F816286429300033634B /* ContentView.swift in Sources */,
				0A38F814286429300033634B /* BingoNGApp.swift in Sources */,
			);
			runOnlyForDeploymentPostprocessing = 0;
		};
		0A38F7FB286429300033634B /* Sources */ = {
			isa = PBXSourcesBuildPhase;
			buildActionMask = 2147483647;
			files = (
				0A38F806286429300033634B /* Tests_iOSLaunchTests.swift in Sources */,
				0A38F804286429300033634B /* Tests_iOS.swift in Sources */,
			);
			runOnlyForDeploymentPostprocessing = 0;
		};
		0A38F807286429300033634B /* Sources */ = {
			isa = PBXSourcesBuildPhase;
			buildActionMask = 2147483647;
			files = (
				0A38F812286429300033634B /* Tests_macOSLaunchTests.swift in Sources */,
				0A38F810286429300033634B /* Tests_macOS.swift in Sources */,
			);
			runOnlyForDeploymentPostprocessing = 0;
		};
/* End PBXSourcesBuildPhase section */

/* Begin PBXTargetDependency section */
		0A38F801286429300033634B /* PBXTargetDependency */ = {
			isa = PBXTargetDependency;
			target = 0A38F7F12864292F0033634B /* BingoNG (iOS) */;
			targetProxy = 0A38F800286429300033634B /* PBXContainerItemProxy */;
		};
		0A38F80D286429300033634B /* PBXTargetDependency */ = {
			isa = PBXTargetDependency;
			target = 0A38F7F7286429300033634B /* BingoNG (macOS) */;
			targetProxy = 0A38F80C286429300033634B /* PBXContainerItemProxy */;
		};
/* End PBXTargetDependency section */

/* Begin XCBuildConfiguration section */
		0A38F819286429300033634B /* Debug */ = {
			isa = XCBuildConfiguration;
			buildSettings = {
				ALWAYS_SEARCH_USER_PATHS = NO;
				CLANG_ANALYZER_NONNULL = YES;
				CLANG_ANALYZER_NUMBER_OBJECT_CONVERSION = YES_AGGRESSIVE;
				CLANG_CXX_LANGUAGE_STANDARD = "gnu++17";
				CLANG_ENABLE_MODULES = YES;
				CLANG_ENABLE_OBJC_ARC = YES;
				CLANG_ENABLE_OBJC_WEAK = YES;
				CLANG_WARN_BLOCK_CAPTURE_AUTORELEASING = YES;
				CLANG_WARN_BOOL_CONVERSION = YES;
				CLANG_WARN_COMMA = YES;
				CLANG_WARN_CONSTANT_CONVERSION = YES;
				CLANG_WARN_DEPRECATED_OBJC_IMPLEMENTATIONS = YES;
				CLANG_WARN_DIRECT_OBJC_ISA_USAGE = YES_ERROR;
				CLANG_WARN_DOCUMENTATION_COMMENTS = YES;
				CLANG_WARN_EMPTY_BODY = YES;
				CLANG_WARN_ENUM_CONVERSION = YES;
				CLANG_WARN_INFINITE_RECURSION = YES;
				CLANG_WARN_INT_CONVERSION = YES;
				CLANG_WARN_NON_LITERAL_NULL_CONVERSION = YES;
				CLANG_WARN_OBJC_IMPLICIT_RETAIN_SELF = YES;
				CLANG_WARN_OBJC_LITERAL_CONVERSION = YES;
				CLANG_WARN_OBJC_ROOT_CLASS = YES_ERROR;
				CLANG_WARN_QUOTED_INCLUDE_IN_FRAMEWORK_HEADER = YES;
				CLANG_WARN_RANGE_LOOP_ANALYSIS = YES;
				CLANG_WARN_STRICT_PROTOTYPES = YES;
				CLANG_WARN_SUSPICIOUS_MOVE = YES;
				CLANG_WARN_UNGUARDED_AVAILABILITY = YES_AGGRESSIVE;
				CLANG_WARN_UNREACHABLE_CODE = YES;
				CLANG_WARN__DUPLICATE_METHOD_MATCH = YES;
				COPY_PHASE_STRIP = NO;
				DEBUG_INFORMATION_FORMAT = dwarf;
				ENABLE_STRICT_OBJC_MSGSEND = YES;
				ENABLE_TESTABILITY = YES;
				GCC_C_LANGUAGE_STANDARD = gnu11;
				GCC_DYNAMIC_NO_PIC = NO;
				GCC_NO_COMMON_BLOCKS = YES;
				GCC_OPTIMIZATION_LEVEL = 0;
				GCC_PREPROCESSOR_DEFINITIONS = (
					"DEBUG=1",
					"$(inherited)",
				);
				GCC_WARN_64_TO_32_BIT_CONVERSION = YES;
				GCC_WARN_ABOUT_RETURN_TYPE = YES_ERROR;
				GCC_WARN_UNDECLARED_SELECTOR = YES;
				GCC_WARN_UNINITIALIZED_AUTOS = YES_AGGRESSIVE;
				GCC_WARN_UNUSED_FUNCTION = YES;
				GCC_WARN_UNUSED_VARIABLE = YES;
				IPHONEOS_DEPLOYMENT_TARGET = 15.4;
				MTL_ENABLE_DEBUG_INFO = INCLUDE_SOURCE;
				MTL_FAST_MATH = YES;
				ONLY_ACTIVE_ARCH = YES;
				SWIFT_ACTIVE_COMPILATION_CONDITIONS = DEBUG;
				SWIFT_OPTIMIZATION_LEVEL = "-Onone";
			};
			name = Debug;
		};
		0A38F81A286429300033634B /* Release */ = {
			isa = XCBuildConfiguration;
			buildSettings = {
				ALWAYS_SEARCH_USER_PATHS = NO;
				CLANG_ANALYZER_NONNULL = YES;
				CLANG_ANALYZER_NUMBER_OBJECT_CONVERSION = YES_AGGRESSIVE;
				CLANG_CXX_LANGUAGE_STANDARD = "gnu++17";
				CLANG_ENABLE_MODULES = YES;
				CLANG_ENABLE_OBJC_ARC = YES;
				CLANG_ENABLE_OBJC_WEAK = YES;
				CLANG_WARN_BLOCK_CAPTURE_AUTORELEASING = YES;
				CLANG_WARN_BOOL_CONVERSION = YES;
				CLANG_WARN_COMMA = YES;
				CLANG_WARN_CONSTANT_CONVERSION = YES;
				CLANG_WARN_DEPRECATED_OBJC_IMPLEMENTATIONS = YES;
				CLANG_WARN_DIRECT_OBJC_ISA_USAGE = YES_ERROR;
				CLANG_WARN_DOCUMENTATION_COMMENTS = YES;
				CLANG_WARN_EMPTY_BODY = YES;
				CLANG_WARN_ENUM_CONVERSION = YES;
				CLANG_WARN_INFINITE_RECURSION = YES;
				CLANG_WARN_INT_CONVERSION = YES;
				CLANG_WARN_NON_LITERAL_NULL_CONVERSION = YES;
				CLANG_WARN_OBJC_IMPLICIT_RETAIN_SELF = YES;
				CLANG_WARN_OBJC_LITERAL_CONVERSION = YES;
				CLANG_WARN_OBJC_ROOT_CLASS = YES_ERROR;
				CLANG_WARN_QUOTED_INCLUDE_IN_FRAMEWORK_HEADER = YES;
				CLANG_WARN_RANGE_LOOP_ANALYSIS = YES;
				CLANG_WARN_STRICT_PROTOTYPES = YES;
				CLANG_WARN_SUSPICIOUS_MOVE = YES;
				CLANG_WARN_UNGUARDED_AVAILABILITY = YES_AGGRESSIVE;
				CLANG_WARN_UNREACHABLE_CODE = YES;
				CLANG_WARN__DUPLICATE_METHOD_MATCH = YES;
				COPY_PHASE_STRIP = NO;
				DEBUG_INFORMATION_FORMAT = "dwarf-with-dsym";
				ENABLE_NS_ASSERTIONS = NO;
				ENABLE_STRICT_OBJC_MSGSEND = YES;
				GCC_C_LANGUAGE_STANDARD = gnu11;
				GCC_NO_COMMON_BLOCKS = YES;
				GCC_WARN_64_TO_32_BIT_CONVERSION = YES;
				GCC_WARN_ABOUT_RETURN_TYPE = YES_ERROR;
				GCC_WARN_UNDECLARED_SELECTOR = YES;
				GCC_WARN_UNINITIALIZED_AUTOS = YES_AGGRESSIVE;
				GCC_WARN_UNUSED_FUNCTION = YES;
				GCC_WARN_UNUSED_VARIABLE = YES;
				IPHONEOS_DEPLOYMENT_TARGET = 15.4;
				MTL_ENABLE_DEBUG_INFO = NO;
				MTL_FAST_MATH = YES;
				SWIFT_COMPILATION_MODE = wholemodule;
				SWIFT_OPTIMIZATION_LEVEL = "-O";
			};
			name = Release;
		};
		0A38F81C286429300033634B /* Debug */ = {
			isa = XCBuildConfiguration;
			buildSettings = {
				ASSETCATALOG_COMPILER_APPICON_NAME = AppIcon;
				ASSETCATALOG_COMPILER_GLOBAL_ACCENT_COLOR_NAME = AccentColor;
				CODE_SIGN_STYLE = Automatic;
				CURRENT_PROJECT_VERSION = 1;
				DEVELOPMENT_TEAM = AF3CMTWWZ3;
				ENABLE_PREVIEWS = YES;
				GENERATE_INFOPLIST_FILE = YES;
				INFOPLIST_KEY_UIApplicationSceneManifest_Generation = YES;
				INFOPLIST_KEY_UIApplicationSupportsIndirectInputEvents = YES;
				INFOPLIST_KEY_UILaunchScreen_Generation = YES;
				INFOPLIST_KEY_UISupportedInterfaceOrientations_iPad = "UIInterfaceOrientationPortrait UIInterfaceOrientationPortraitUpsideDown UIInterfaceOrientationLandscapeLeft UIInterfaceOrientationLandscapeRight";
				INFOPLIST_KEY_UISupportedInterfaceOrientations_iPhone = "UIInterfaceOrientationPortrait UIInterfaceOrientationLandscapeLeft UIInterfaceOrientationLandscapeRight";
				IPHONEOS_DEPLOYMENT_TARGET = 15.4;
				LD_RUNPATH_SEARCH_PATHS = (
					"$(inherited)",
					"@executable_path/Frameworks",
				);
				MARKETING_VERSION = 1.0;
				PRODUCT_BUNDLE_IDENTIFIER = "eggs-n-bacon.BingoNG";
				PRODUCT_NAME = BingoNG;
				SDKROOT = iphoneos;
				SWIFT_EMIT_LOC_STRINGS = YES;
				SWIFT_VERSION = 5.0;
				TARGETED_DEVICE_FAMILY = "1,2";
			};
			name = Debug;
		};
		0A38F81D286429300033634B /* Release */ = {
			isa = XCBuildConfiguration;
			buildSettings = {
				ASSETCATALOG_COMPILER_APPICON_NAME = AppIcon;
				ASSETCATALOG_COMPILER_GLOBAL_ACCENT_COLOR_NAME = AccentColor;
				CODE_SIGN_STYLE = Automatic;
				CURRENT_PROJECT_VERSION = 1;
				DEVELOPMENT_TEAM = AF3CMTWWZ3;
				ENABLE_PREVIEWS = YES;
				GENERATE_INFOPLIST_FILE = YES;
				INFOPLIST_KEY_UIApplicationSceneManifest_Generation = YES;
				INFOPLIST_KEY_UIApplicationSupportsIndirectInputEvents = YES;
				INFOPLIST_KEY_UILaunchScreen_Generation = YES;
				INFOPLIST_KEY_UISupportedInterfaceOrientations_iPad = "UIInterfaceOrientationPortrait UIInterfaceOrientationPortraitUpsideDown UIInterfaceOrientationLandscapeLeft UIInterfaceOrientationLandscapeRight";
				INFOPLIST_KEY_UISupportedInterfaceOrientations_iPhone = "UIInterfaceOrientationPortrait UIInterfaceOrientationLandscapeLeft UIInterfaceOrientationLandscapeRight";
				IPHONEOS_DEPLOYMENT_TARGET = 15.4;
				LD_RUNPATH_SEARCH_PATHS = (
					"$(inherited)",
					"@executable_path/Frameworks",
				);
				MARKETING_VERSION = 1.0;
				PRODUCT_BUNDLE_IDENTIFIER = "eggs-n-bacon.BingoNG";
				PRODUCT_NAME = BingoNG;
				SDKROOT = iphoneos;
				SWIFT_EMIT_LOC_STRINGS = YES;
				SWIFT_VERSION = 5.0;
				TARGETED_DEVICE_FAMILY = "1,2";
				VALIDATE_PRODUCT = YES;
			};
			name = Release;
		};
		0A38F81F286429300033634B /* Debug */ = {
			isa = XCBuildConfiguration;
			buildSettings = {
				ASSETCATALOG_COMPILER_APPICON_NAME = AppIcon;
				ASSETCATALOG_COMPILER_GLOBAL_ACCENT_COLOR_NAME = AccentColor;
				CODE_SIGN_ENTITLEMENTS = macOS/macOS.entitlements;
				CODE_SIGN_STYLE = Automatic;
				COMBINE_HIDPI_IMAGES = YES;
				CURRENT_PROJECT_VERSION = 1;
				ENABLE_PREVIEWS = YES;
				GENERATE_INFOPLIST_FILE = YES;
				INFOPLIST_KEY_NSHumanReadableCopyright = "";
				LD_RUNPATH_SEARCH_PATHS = (
					"$(inherited)",
					"@executable_path/../Frameworks",
				);
				MACOSX_DEPLOYMENT_TARGET = 12.3;
				MARKETING_VERSION = 1.0;
				PRODUCT_BUNDLE_IDENTIFIER = "eggs-n-bacon.BingoNG";
				PRODUCT_NAME = BingoNG;
				SDKROOT = macosx;
				SWIFT_EMIT_LOC_STRINGS = YES;
				SWIFT_VERSION = 5.0;
			};
			name = Debug;
		};
		0A38F820286429300033634B /* Release */ = {
			isa = XCBuildConfiguration;
			buildSettings = {
				ASSETCATALOG_COMPILER_APPICON_NAME = AppIcon;
				ASSETCATALOG_COMPILER_GLOBAL_ACCENT_COLOR_NAME = AccentColor;
				CODE_SIGN_ENTITLEMENTS = macOS/macOS.entitlements;
				CODE_SIGN_STYLE = Automatic;
				COMBINE_HIDPI_IMAGES = YES;
				CURRENT_PROJECT_VERSION = 1;
				ENABLE_PREVIEWS = YES;
				GENERATE_INFOPLIST_FILE = YES;
				INFOPLIST_KEY_NSHumanReadableCopyright = "";
				LD_RUNPATH_SEARCH_PATHS = (
					"$(inherited)",
					"@executable_path/../Frameworks",
				);
				MACOSX_DEPLOYMENT_TARGET = 12.3;
				MARKETING_VERSION = 1.0;
				PRODUCT_BUNDLE_IDENTIFIER = "eggs-n-bacon.BingoNG";
				PRODUCT_NAME = BingoNG;
				SDKROOT = macosx;
				SWIFT_EMIT_LOC_STRINGS = YES;
				SWIFT_VERSION = 5.0;
			};
			name = Release;
		};
		0A38F822286429300033634B /* Debug */ = {
			isa = XCBuildConfiguration;
			buildSettings = {
				ALWAYS_EMBED_SWIFT_STANDARD_LIBRARIES = YES;
				CODE_SIGN_STYLE = Automatic;
				CURRENT_PROJECT_VERSION = 1;
				GENERATE_INFOPLIST_FILE = YES;
				IPHONEOS_DEPLOYMENT_TARGET = 15.5;
				MARKETING_VERSION = 1.0;
				PRODUCT_BUNDLE_IDENTIFIER = "eggs-n-bacon.Tests-iOS";
				PRODUCT_NAME = "$(TARGET_NAME)";
				SDKROOT = iphoneos;
				SWIFT_EMIT_LOC_STRINGS = NO;
				SWIFT_VERSION = 5.0;
				TARGETED_DEVICE_FAMILY = "1,2";
				TEST_TARGET_NAME = "BingoNG (iOS)";
			};
			name = Debug;
		};
		0A38F823286429300033634B /* Release */ = {
			isa = XCBuildConfiguration;
			buildSettings = {
				ALWAYS_EMBED_SWIFT_STANDARD_LIBRARIES = YES;
				CODE_SIGN_STYLE = Automatic;
				CURRENT_PROJECT_VERSION = 1;
				GENERATE_INFOPLIST_FILE = YES;
				IPHONEOS_DEPLOYMENT_TARGET = 15.5;
				MARKETING_VERSION = 1.0;
				PRODUCT_BUNDLE_IDENTIFIER = "eggs-n-bacon.Tests-iOS";
				PRODUCT_NAME = "$(TARGET_NAME)";
				SDKROOT = iphoneos;
				SWIFT_EMIT_LOC_STRINGS = NO;
				SWIFT_VERSION = 5.0;
				TARGETED_DEVICE_FAMILY = "1,2";
				TEST_TARGET_NAME = "BingoNG (iOS)";
				VALIDATE_PRODUCT = YES;
			};
			name = Release;
		};
		0A38F825286429300033634B /* Debug */ = {
			isa = XCBuildConfiguration;
			buildSettings = {
				ALWAYS_EMBED_SWIFT_STANDARD_LIBRARIES = YES;
				CODE_SIGN_STYLE = Automatic;
				CURRENT_PROJECT_VERSION = 1;
				GENERATE_INFOPLIST_FILE = YES;
				MACOSX_DEPLOYMENT_TARGET = 12.3;
				MARKETING_VERSION = 1.0;
				PRODUCT_BUNDLE_IDENTIFIER = "eggs-n-bacon.Tests-macOS";
				PRODUCT_NAME = "$(TARGET_NAME)";
				SDKROOT = macosx;
				SWIFT_EMIT_LOC_STRINGS = NO;
				SWIFT_VERSION = 5.0;
				TEST_TARGET_NAME = "BingoNG (macOS)";
			};
			name = Debug;
		};
		0A38F826286429300033634B /* Release */ = {
			isa = XCBuildConfiguration;
			buildSettings = {
				ALWAYS_EMBED_SWIFT_STANDARD_LIBRARIES = YES;
				CODE_SIGN_STYLE = Automatic;
				CURRENT_PROJECT_VERSION = 1;
				GENERATE_INFOPLIST_FILE = YES;
				MACOSX_DEPLOYMENT_TARGET = 12.3;
				MARKETING_VERSION = 1.0;
				PRODUCT_BUNDLE_IDENTIFIER = "eggs-n-bacon.Tests-macOS";
				PRODUCT_NAME = "$(TARGET_NAME)";
				SDKROOT = macosx;
				SWIFT_EMIT_LOC_STRINGS = NO;
				SWIFT_VERSION = 5.0;
				TEST_TARGET_NAME = "BingoNG (macOS)";
			};
			name = Release;
		};
/* End XCBuildConfiguration section */

/* Begin XCConfigurationList section */
		0A38F7E92864292B0033634B /* Build configuration list for PBXProject "BingoNG" */ = {
			isa = XCConfigurationList;
			buildConfigurations = (
				0A38F819286429300033634B /* Debug */,
				0A38F81A286429300033634B /* Release */,
			);
			defaultConfigurationIsVisible = 0;
			defaultConfigurationName = Release;
		};
		0A38F81B286429300033634B /* Build configuration list for PBXNativeTarget "BingoNG (iOS)" */ = {
			isa = XCConfigurationList;
			buildConfigurations = (
				0A38F81C286429300033634B /* Debug */,
				0A38F81D286429300033634B /* Release */,
			);
			defaultConfigurationIsVisible = 0;
			defaultConfigurationName = Release;
		};
		0A38F81E286429300033634B /* Build configuration list for PBXNativeTarget "BingoNG (macOS)" */ = {
			isa = XCConfigurationList;
			buildConfigurations = (
				0A38F81F286429300033634B /* Debug */,
				0A38F820286429300033634B /* Release */,
			);
			defaultConfigurationIsVisible = 0;
			defaultConfigurationName = Release;
		};
		0A38F821286429300033634B /* Build configuration list for PBXNativeTarget "Tests iOS" */ = {
			isa = XCConfigurationList;
			buildConfigurations = (
				0A38F822286429300033634B /* Debug */,
				0A38F823286429300033634B /* Release */,
			);
			defaultConfigurationIsVisible = 0;
			defaultConfigurationName = Release;
		};
		0A38F824286429300033634B /* Build configuration list for PBXNativeTarget "Tests macOS" */ = {
			isa = XCConfigurationList;
			buildConfigurations = (
				0A38F825286429300033634B /* Debug */,
				0A38F826286429300033634B /* Release */,
			);
			defaultConfigurationIsVisible = 0;
			defaultConfigurationName = Release;
		};
/* End XCConfigurationList section */
	};
	rootObject = 0A38F7E62864292B0033634B /* Project object */;
}
